
Microsoft Visual Studio Solution File, Format Version 12.00
# Visual Studio Version 17
VisualStudioVersion = 17.9.34701.34
MinimumVisualStudioVersion = 10.0.40219.1
Project("{FAE04EC0-301F-11D3-BF4B-00C04F79EFBC}") = "ClinicaMed", "ClinicaMed\ClinicaMed.csproj", "{E06B9653-A6F2-4509-9099-1655DA7915F4}"
EndProject
Global
	GlobalSection(SolutionConfigurationPlatforms) = preSolution
		Debug|Any CPU = Debug|Any CPU
		Release|Any CPU = Release|Any CPU
	EndGlobalSection
	GlobalSection(ProjectConfigurationPlatforms) = postSolution
		{E06B9653-A6F2-4509-9099-1655DA7915F4}.Debug|Any CPU.ActiveCfg = Debug|Any CPU
		{E06B9653-A6F2-4509-9099-1655DA7915F4}.Debug|Any CPU.Build.0 = Debug|Any CPU
		{E06B9653-A6F2-4509-9099-1655DA7915F4}.Release|Any CPU.ActiveCfg = Release|Any CPU
		{E06B9653-A6F2-4509-9099-1655DA7915F4}.Release|Any CPU.Build.0 = Release|Any CPU
	EndGlobalSection
	GlobalSection(SolutionProperties) = preSolution
		HideSolutionNode = FALSE
	EndGlobalSection
	GlobalSection(ExtensibilityGlobals) = postSolution
		SolutionGuid = {0FBFEF71-7695-4FF5-BE49-176BA47CFEC3}
	EndGlobalSection
EndGlobal
